
Microsoft Visual Studio Solution File, Format Version 12.00
# Visual Studio Version 17
VisualStudioVersion = 17.1.32228.430
MinimumVisualStudioVersion = 10.0.40219.1
Project("{FAE04EC0-301F-11D3-BF4B-00C04F79EFBC}") = "EmargementServer", "EmargementServer.csproj", "{9E53C56A-E7A3-4BF9-A162-0018A04B824B}"
EndProject
Global
	GlobalSection(SolutionConfigurationPlatforms) = preSolution
		Debug|Any CPU = Debug|Any CPU
		Release|Any CPU = Release|Any CPU
	EndGlobalSection
	GlobalSection(ProjectConfigurationPlatforms) = postSolution
		{9E53C56A-E7A3-4BF9-A162-0018A04B824B}.Debug|Any CPU.ActiveCfg = Debug|Any CPU
		{9E53C56A-E7A3-4BF9-A162-0018A04B824B}.Debug|Any CPU.Build.0 = Debug|Any CPU
		{9E53C56A-E7A3-4BF9-A162-0018A04B824B}.Release|Any CPU.ActiveCfg = Release|Any CPU
		{9E53C56A-E7A3-4BF9-A162-0018A04B824B}.Release|Any CPU.Build.0 = Release|Any CPU
	EndGlobalSection
	GlobalSection(SolutionProperties) = preSolution
		HideSolutionNode = FALSE
	EndGlobalSection
	GlobalSection(ExtensibilityGlobals) = postSolution
		SolutionGuid = {3752616A-F7E0-4271-A3CF-3DE50109E512}
	EndGlobalSection
EndGlobal
